
Microsoft Visual Studio Solution File, Format Version 12.00
# Visual Studio 2013
VisualStudioVersion = 12.0.21005.1
MinimumVisualStudioVersion = 10.0.40219.1
Project("{F184B08F-C81C-45F6-A57F-5ABD9991F28F}") = "Talk It", "Talk It\Talk It.vbproj", "{F8DBA487-6A27-4465-820D-647A85FAC84E}"
EndProject
Global
	GlobalSection(SolutionConfigurationPlatforms) = preSolution
		Debug|Any CPU = Debug|Any CPU
		Release|Any CPU = Release|Any CPU
	EndGlobalSection
	GlobalSection(ProjectConfigurationPlatforms) = postSolution
		{F8DBA487-6A27-4465-820D-647A85FAC84E}.Debug|Any CPU.ActiveCfg = Debug|Any CPU
		{F8DBA487-6A27-4465-820D-647A85FAC84E}.Debug|Any CPU.Build.0 = Debug|Any CPU
		{F8DBA487-6A27-4465-820D-647A85FAC84E}.Release|Any CPU.ActiveCfg = Release|Any CPU
		{F8DBA487-6A27-4465-820D-647A85FAC84E}.Release|Any CPU.Deploy.0 = Release|Any CPU
	EndGlobalSection
	GlobalSection(SolutionProperties) = preSolution
		HideSolutionNode = FALSE
	EndGlobalSection
EndGlobal
